<Solution>
  <Configurations>
    <Platform Name="x64" />
    <Platform Name="x86" />
  </Configurations>
  <Project Path="Calc/Calc.vcxproj" Id="25d3f652-0d3a-4d57-81a8-3b3617494cd8" />
  <Project Path="CUI/CUI.vcxproj" Id="9687d945-cdef-4ef3-958d-f1a53c184af9" />
  <Project Path="RegeditPlus/RegeditPlus.vcxproj" Id="dfb6ed75-af30-40f8-afd1-08d6b48c8cb2" />
</Solution>
