<?xml version="1.0" encoding="utf-8"?>
<Project ToolsVersion="4.0" xmlns="http://schemas.microsoft.com/developer/msbuild/2003">
  <ItemGroup>
    <Filter Include="App">
      <UniqueIdentifier>{4FC737F1-C7A5-4376-A066-2A32D752A2FF}</UniqueIdentifier>
      <Extensions>cpp;c;cc;cxx;c++;cppm;ixx;def;odl;idl;hpj;bat;asm;asmx</Extensions>
    </Filter>
    <Filter Include="Model">
      <UniqueIdentifier>{93995380-89BD-4b04-88EB-625FBE52EBFB}</UniqueIdentifier>
      <Extensions>h;hh;hpp;hxx;h++;hm;inl;inc;ipp;xsd</Extensions>
    </Filter>
    <Filter Include="ViewModel">
      <UniqueIdentifier>{67DA6AB6-F800-4c08-8B7A-83BB121AAD01}</UniqueIdentifier>
    </Filter>
    <Filter Include="View">
      <UniqueIdentifier>{81a4b6c3-1725-4b07-9252-87ff512e0321}</UniqueIdentifier>
    </Filter>
    <Filter Include="Scanner">
      <UniqueIdentifier>{4819df51-2821-4f18-bb28-1b6c00d41e21}</UniqueIdentifier>
    </Filter>
    <Filter Include="Manager">
      <UniqueIdentifier>{73289ab4-1a92-41f2-8c88-927cb09911e2}</UniqueIdentifier>
    </Filter>
  </ItemGroup>
  <ItemGroup>
    <ClCompile Include="main.cpp">
      <Filter>App</Filter>
    </ClCompile>
    <ClCompile Include="App.cpp">
      <Filter>App</Filter>
    </ClCompile>
    <ClCompile Include="scanner\StartupScanner.cpp">
      <Filter>Scanner</Filter>
    </ClCompile>
    <ClCompile Include="manager\StartupManager.cpp">
      <Filter>Manager</Filter>
    </ClCompile>
    <ClCompile Include="viewmodel\MainViewModel.cpp">
      <Filter>ViewModel</Filter>
    </ClCompile>
    <ClCompile Include="view\MainView.cpp">
      <Filter>View</Filter>
    </ClCompile>
  </ItemGroup>
  <ItemGroup>
    <ClInclude Include="App.h">
      <Filter>App</Filter>
    </ClInclude>
    <ClInclude Include="model\StartupEntry.h">
      <Filter>Model</Filter>
    </ClInclude>
    <ClInclude Include="scanner\StartupScanner.h">
      <Filter>Scanner</Filter>
    </ClInclude>
    <ClInclude Include="manager\StartupManager.h">
      <Filter>Manager</Filter>
    </ClInclude>
    <ClInclude Include="viewmodel\MainViewModel.h">
      <Filter>ViewModel</Filter>
    </ClInclude>
    <ClInclude Include="view\MainView.h">
      <Filter>View</Filter>
    </ClInclude>
  </ItemGroup>
</Project>
